
Microsoft Visual Studio Solution File, Format Version 11.00
# Visual Studio 2010
Project("{8BC9CEB8-8B4A-11D0-8D11-00A0C91BC942}") = "Dining Philosophers KDH", "Dining Philosophers KDH\Dining Philosophers KDH.vcxproj", "{590C6188-2612-4ABB-9473-347B4F1CD1A9}"
EndProject
Global
	GlobalSection(SolutionConfigurationPlatforms) = preSolution
		Debug|Win32 = Debug|Win32
		Release|Win32 = Release|Win32
	EndGlobalSection
	GlobalSection(ProjectConfigurationPlatforms) = postSolution
		{590C6188-2612-4ABB-9473-347B4F1CD1A9}.Debug|Win32.ActiveCfg = Debug|Win32
		{590C6188-2612-4ABB-9473-347B4F1CD1A9}.Debug|Win32.Build.0 = Debug|Win32
		{590C6188-2612-4ABB-9473-347B4F1CD1A9}.Release|Win32.ActiveCfg = Release|Win32
		{590C6188-2612-4ABB-9473-347B4F1CD1A9}.Release|Win32.Build.0 = Release|Win32
	EndGlobalSection
	GlobalSection(SolutionProperties) = preSolution
		HideSolutionNode = FALSE
	EndGlobalSection
EndGlobal
